// !$*UTF8*$!
{
	archiveVersion = 1;
	classes = {
	};
	objectVersion = 50;
	objects = {

/* Begin PBXBuildFile section */
		9B6E793921AED20100A888BA /* AppDelegate.swift in Sources */ = {isa = PBXBuildFile; fileRef = 9B6E793821AED20100A888BA /* AppDelegate.swift */; };
		9B6E793B21AED20100A888BA /* TodoTableViewController.swift in Sources */ = {isa = PBXBuildFile; fileRef = 9B6E793A21AED20100A888BA /* TodoTableViewController.swift */; };
		9B6E793E21AED20100A888BA /* Main.storyboard in Resources */ = {isa = PBXBuildFile; fileRef = 9B6E793C21AED20100A888BA /* Main.storyboard */; };
		9B6E794121AED20100A888BA /* Todoer.xcdatamodeld in Sources */ = {isa = PBXBuildFile; fileRef = 9B6E793F21AED20100A888BA /* Todoer.xcdatamodeld */; };
		9B6E794321AED20300A888BA /* Assets.xcassets in Resources */ = {isa = PBXBuildFile; fileRef = 9B6E794221AED20300A888BA /* Assets.xcassets */; };
		9B6E794621AED20300A888BA /* LaunchScreen.storyboard in Resources */ = {isa = PBXBuildFile; fileRef = 9B6E794421AED20300A888BA /* LaunchScreen.storyboard */; };
		9BC09D4F21B24B7B00272AF5 /* CategoryTableViewController.swift in Sources */ = {isa = PBXBuildFile; fileRef = 9BC09D4E21B24B7B00272AF5 /* CategoryTableViewController.swift */; };
/* End PBXBuildFile section */

/* Begin PBXFileReference section */
		9B6E793521AED20100A888BA /* Todoer.app */ = {isa = PBXFileReference; explicitFileType = wrapper.application; includeInIndex = 0; path = Todoer.app; sourceTree = BUILT_PRODUCTS_DIR; };
		9B6E793821AED20100A888BA /* AppDelegate.swift */ = {isa = PBXFileReference; lastKnownFileType = sourcecode.swift; path = AppDelegate.swift; sourceTree = "<group>"; };
		9B6E793A21AED20100A888BA /* TodoTableViewController.swift */ = {isa = PBXFileReference; lastKnownFileType = sourcecode.swift; path = TodoTableViewController.swift; sourceTree = "<group>"; };
		9B6E793D21AED20100A888BA /* Base */ = {isa = PBXFileReference; lastKnownFileType = file.storyboard; name = Base; path = Base.lproj/Main.storyboard; sourceTree = "<group>"; };
		9B6E794021AED20100A888BA /* Todoer.xcdatamodel */ = {isa = PBXFileReference; lastKnownFileType = wrapper.xcdatamodel; path = Todoer.xcdatamodel; sourceTree = "<group>"; };
		9B6E794221AED20300A888BA /* Assets.xcassets */ = {isa = PBXFileReference; lastKnownFileType = folder.assetcatalog; path = Assets.xcassets; sourceTree = "<group>"; };
		9B6E794521AED20300A888BA /* Base */ = {isa = PBXFileReference; lastKnownFileType = file.storyboard; name = Base; path = Base.lproj/LaunchScreen.storyboard; sourceTree = "<group>"; };
		9B6E794721AED20300A888BA /* Info.plist */ = {isa = PBXFileReference; lastKnownFileType = text.plist.xml; path = Info.plist; sourceTree = "<group>"; };
		9BC09D4E21B24B7B00272AF5 /* CategoryTableViewController.swift */ = {isa = PBXFileReference; lastKnownFileType = sourcecode.swift; path = CategoryTableViewController.swift; sourceTree = "<group>"; };
/* End PBXFileReference section */

/* Begin PBXFrameworksBuildPhase section */
		9B6E793221AED20100A888BA /* Frameworks */ = {
			isa = PBXFrameworksBuildPhase;
			buildActionMask = 2147483647;
			files = (
			);
			runOnlyForDeploymentPostprocessing = 0;
		};
/* End PBXFrameworksBuildPhase section */

/* Begin PBXGroup section */
		9B6E792C21AED20100A888BA = {
			isa = PBXGroup;
			children = (
				9B6E793721AED20100A888BA /* Todoer */,
				9B6E793621AED20100A888BA /* Products */,
			);
			sourceTree = "<group>";
		};
		9B6E793621AED20100A888BA /* Products */ = {
			isa = PBXGroup;
			children = (
				9B6E793521AED20100A888BA /* Todoer.app */,
			);
			name = Products;
			sourceTree = "<group>";
		};
		9B6E793721AED20100A888BA /* Todoer */ = {
			isa = PBXGroup;
			children = (
				9B6E793821AED20100A888BA /* AppDelegate.swift */,
				9B6E794221AED20300A888BA /* Assets.xcassets */,
				9B6E794421AED20300A888BA /* LaunchScreen.storyboard */,
				9B6E794721AED20300A888BA /* Info.plist */,
				9BC09D4D21B1002400272AF5 /* View */,
				9BC09D4C21B1001600272AF5 /* Controllers */,
				9BC09D4B21B1000600272AF5 /* Data Model */,
			);
			path = Todoer;
			sourceTree = "<group>";
		};
		9BC09D4B21B1000600272AF5 /* Data Model */ = {
			isa = PBXGroup;
			children = (
				9B6E793F21AED20100A888BA /* Todoer.xcdatamodeld */,
			);
			path = "Data Model";
			sourceTree = "<group>";
		};
		9BC09D4C21B1001600272AF5 /* Controllers */ = {
			isa = PBXGroup;
			children = (
				9BC09D4E21B24B7B00272AF5 /* CategoryTableViewController.swift */,
				9B6E793A21AED20100A888BA /* TodoTableViewController.swift */,
			);
			path = Controllers;
			sourceTree = "<group>";
		};
		9BC09D4D21B1002400272AF5 /* View */ = {
			isa = PBXGroup;
			children = (
				9B6E793C21AED20100A888BA /* Main.storyboard */,
			);
			path = View;
			sourceTree = "<group>";
		};
/* End PBXGroup section */

/* Begin PBXNativeTarget section */
		9B6E793421AED20100A888BA /* Todoer */ = {
			isa = PBXNativeTarget;
			buildConfigurationList = 9B6E794A21AED20300A888BA /* Build configuration list for PBXNativeTarget "Todoer" */;
			buildPhases = (
				9B6E793121AED20100A888BA /* Sources */,
				9B6E793221AED20100A888BA /* Frameworks */,
				9B6E793321AED20100A888BA /* Resources */,
			);
			buildRules = (
			);
			dependencies = (
			);
			name = Todoer;
			productName = Todoer;
			productReference = 9B6E793521AED20100A888BA /* Todoer.app */;
			productType = "com.apple.product-type.application";
		};
/* End PBXNativeTarget section */

/* Begin PBXProject section */
		9B6E792D21AED20100A888BA /* Project object */ = {
			isa = PBXProject;
			attributes = {
				LastSwiftUpdateCheck = 1010;
				LastUpgradeCheck = 1010;
				ORGANIZATIONNAME = "George Ananda";
				TargetAttributes = {
					9B6E793421AED20100A888BA = {
						CreatedOnToolsVersion = 10.1;
					};
				};
			};
			buildConfigurationList = 9B6E793021AED20100A888BA /* Build configuration list for PBXProject "Todoer" */;
			compatibilityVersion = "Xcode 9.3";
			developmentRegion = en;
			hasScannedForEncodings = 0;
			knownRegions = (
				en,
				Base,
			);
			mainGroup = 9B6E792C21AED20100A888BA;
			productRefGroup = 9B6E793621AED20100A888BA /* Products */;
			projectDirPath = "";
			projectRoot = "";
			targets = (
				9B6E793421AED20100A888BA /* Todoer */,
			);
		};
/* End PBXProject section */

/* Begin PBXResourcesBuildPhase section */
		9B6E793321AED20100A888BA /* Resources */ = {
			isa = PBXResourcesBuildPhase;
			buildActionMask = 2147483647;
			files = (
				9B6E794621AED20300A888BA /* LaunchScreen.storyboard in Resources */,
				9B6E794321AED20300A888BA /* Assets.xcassets in Resources */,
				9B6E793E21AED20100A888BA /* Main.storyboard in Resources */,
			);
			runOnlyForDeploymentPostprocessing = 0;
		};
/* End PBXResourcesBuildPhase section */

/* Begin PBXSourcesBuildPhase section */
		9B6E793121AED20100A888BA /* Sources */ = {
			isa = PBXSourcesBuildPhase;
			buildActionMask = 2147483647;
			files = (
				9B6E793B21AED20100A888BA /* TodoTableViewController.swift in Sources */,
				9B6E793921AED20100A888BA /* AppDelegate.swift in Sources */,
				9B6E794121AED20100A888BA /* Todoer.xcdatamodeld in Sources */,
				9BC09D4F21B24B7B00272AF5 /* CategoryTableViewController.swift in Sources */,
			);
			runOnlyForDeploymentPostprocessing = 0;
		};
/* End PBXSourcesBuildPhase section */

/* Begin PBXVariantGroup section */
		9B6E793C21AED20100A888BA /* Main.storyboard */ = {
			isa = PBXVariantGroup;
			children = (
				9B6E793D21AED20100A888BA /* Base */,
			);
			name = Main.storyboard;
			sourceTree = "<group>";
		};
		9B6E794421AED20300A888BA /* LaunchScreen.storyboard */ = {
			isa = PBXVariantGroup;
			children = (
				9B6E794521AED20300A888BA /* Base */,
			);
			name = LaunchScreen.storyboard;
			sourceTree = "<group>";
		};
/* End PBXVariantGroup section */

/* Begin XCBuildConfiguration section */
		9B6E794821AED20300A888BA /* Debug */ = {
			isa = XCBuildConfiguration;
			buildSettings = {
				ALWAYS_SEARCH_USER_PATHS = NO;
				CLANG_ANALYZER_NONNULL = YES;
				CLANG_ANALYZER_NUMBER_OBJECT_CONVERSION = YES_AGGRESSIVE;
				CLANG_CXX_LANGUAGE_STANDARD = "gnu++14";
				CLANG_CXX_LIBRARY = "libc++";
				CLANG_ENABLE_MODULES = YES;
				CLANG_ENABLE_OBJC_ARC = YES;
				CLANG_ENABLE_OBJC_WEAK = YES;
				CLANG_WARN_BLOCK_CAPTURE_AUTORELEASING = YES;
				CLANG_WARN_BOOL_CONVERSION = YES;
				CLANG_WARN_COMMA = YES;
				CLANG_WARN_CONSTANT_CONVERSION = YES;
				CLANG_WARN_DEPRECATED_OBJC_IMPLEMENTATIONS = YES;
				CLANG_WARN_DIRECT_OBJC_ISA_USAGE = YES_ERROR;
				CLANG_WARN_DOCUMENTATION_COMMENTS = YES;
				CLANG_WARN_EMPTY_BODY = YES;
				CLANG_WARN_ENUM_CONVERSION = YES;
				CLANG_WARN_INFINITE_RECURSION = YES;
				CLANG_WARN_INT_CONVERSION = YES;
				CLANG_WARN_NON_LITERAL_NULL_CONVERSION = YES;
				CLANG_WARN_OBJC_IMPLICIT_RETAIN_SELF = YES;
				CLANG_WARN_OBJC_LITERAL_CONVERSION = YES;
				CLANG_WARN_OBJC_ROOT_CLASS = YES_ERROR;
				CLANG_WARN_RANGE_LOOP_ANALYSIS = YES;
				CLANG_WARN_STRICT_PROTOTYPES = YES;
				CLANG_WARN_SUSPICIOUS_MOVE = YES;
				CLANG_WARN_UNGUARDED_AVAILABILITY = YES_AGGRESSIVE;
				CLANG_WARN_UNREACHABLE_CODE = YES;
				CLANG_WARN__DUPLICATE_METHOD_MATCH = YES;
				CODE_SIGN_IDENTITY = "iPhone Developer";
				COPY_PHASE_STRIP = NO;
				DEBUG_INFORMATION_FORMAT = dwarf;
				ENABLE_STRICT_OBJC_MSGSEND = YES;
				ENABLE_TESTABILITY = YES;
				GCC_C_LANGUAGE_STANDARD = gnu11;
				GCC_DYNAMIC_NO_PIC = NO;
				GCC_NO_COMMON_BLOCKS = YES;
				GCC_OPTIMIZATION_LEVEL = 0;
				GCC_PREPROCESSOR_DEFINITIONS = (
					"DEBUG=1",
					"$(inherited)",
				);
				GCC_WARN_64_TO_32_BIT_CONVERSION = YES;
				GCC_WARN_ABOUT_RETURN_TYPE = YES_ERROR;
				GCC_WARN_UNDECLARED_SELECTOR = YES;
				GCC_WARN_UNINITIALIZED_AUTOS = YES_AGGRESSIVE;
				GCC_WARN_UNUSED_FUNCTION = YES;
				GCC_WARN_UNUSED_VARIABLE = YES;
				IPHONEOS_DEPLOYMENT_TARGET = 12.1;
				MTL_ENABLE_DEBUG_INFO = INCLUDE_SOURCE;
				MTL_FAST_MATH = YES;
				ONLY_ACTIVE_ARCH = YES;
				SDKROOT = iphoneos;
				SWIFT_ACTIVE_COMPILATION_CONDITIONS = DEBUG;
				SWIFT_OPTIMIZATION_LEVEL = "-Onone";
			};
			name = Debug;
		};
		9B6E794921AED20300A888BA /* Release */ = {
			isa = XCBuildConfiguration;
			buildSettings = {
				ALWAYS_SEARCH_USER_PATHS = NO;
				CLANG_ANALYZER_NONNULL = YES;
				CLANG_ANALYZER_NUMBER_OBJECT_CONVERSION = YES_AGGRESSIVE;
				CLANG_CXX_LANGUAGE_STANDARD = "gnu++14";
				CLANG_CXX_LIBRARY = "libc++";
				CLANG_ENABLE_MODULES = YES;
				CLANG_ENABLE_OBJC_ARC = YES;
				CLANG_ENABLE_OBJC_WEAK = YES;
				CLANG_WARN_BLOCK_CAPTURE_AUTORELEASING = YES;
				CLANG_WARN_BOOL_CONVERSION = YES;
				CLANG_WARN_COMMA = YES;
				CLANG_WARN_CONSTANT_CONVERSION = YES;
				CLANG_WARN_DEPRECATED_OBJC_IMPLEMENTATIONS = YES;
				CLANG_WARN_DIRECT_OBJC_ISA_USAGE = YES_ERROR;
				CLANG_WARN_DOCUMENTATION_COMMENTS = YES;
				CLANG_WARN_EMPTY_BODY = YES;
				CLANG_WARN_ENUM_CONVERSION = YES;
				CLANG_WARN_INFINITE_RECURSION = YES;
				CLANG_WARN_INT_CONVERSION = YES;
				CLANG_WARN_NON_LITERAL_NULL_CONVERSION = YES;
				CLANG_WARN_OBJC_IMPLICIT_RETAIN_SELF = YES;
				CLANG_WARN_OBJC_LITERAL_CONVERSION = YES;
				CLANG_WARN_OBJC_ROOT_CLASS = YES_ERROR;
				CLANG_WARN_RANGE_LOOP_ANALYSIS = YES;
				CLANG_WARN_STRICT_PROTOTYPES = YES;
				CLANG_WARN_SUSPICIOUS_MOVE = YES;
				CLANG_WARN_UNGUARDED_AVAILABILITY = YES_AGGRESSIVE;
				CLANG_WARN_UNREACHABLE_CODE = YES;
				CLANG_WARN__DUPLICATE_METHOD_MATCH = YES;
				CODE_SIGN_IDENTITY = "iPhone Developer";
				COPY_PHASE_STRIP = NO;
				DEBUG_INFORMATION_FORMAT = "dwarf-with-dsym";
				ENABLE_NS_ASSERTIONS = NO;
				ENABLE_STRICT_OBJC_MSGSEND = YES;
				GCC_C_LANGUAGE_STANDARD = gnu11;
				GCC_NO_COMMON_BLOCKS = YES;
				GCC_WARN_64_TO_32_BIT_CONVERSION = YES;
				GCC_WARN_ABOUT_RETURN_TYPE = YES_ERROR;
				GCC_WARN_UNDECLARED_SELECTOR = YES;
				GCC_WARN_UNINITIALIZED_AUTOS = YES_AGGRESSIVE;
				GCC_WARN_UNUSED_FUNCTION = YES;
				GCC_WARN_UNUSED_VARIABLE = YES;
				IPHONEOS_DEPLOYMENT_TARGET = 12.1;
				MTL_ENABLE_DEBUG_INFO = NO;
				MTL_FAST_MATH = YES;
				SDKROOT = iphoneos;
				SWIFT_COMPILATION_MODE = wholemodule;
				SWIFT_OPTIMIZATION_LEVEL = "-O";
				VALIDATE_PRODUCT = YES;
			};
			name = Release;
		};
		9B6E794B21AED20300A888BA /* Debug */ = {
			isa = XCBuildConfiguration;
			buildSettings = {
				ASSETCATALOG_COMPILER_APPICON_NAME = AppIcon;
				CODE_SIGN_STYLE = Automatic;
				DEVELOPMENT_TEAM = K772APZXFW;
				INFOPLIST_FILE = Todoer/Info.plist;
				LD_RUNPATH_SEARCH_PATHS = (
					"$(inherited)",
					"@executable_path/Frameworks",
				);
				PRODUCT_BUNDLE_IDENTIFIER = com.georgeananda.Todoer;
				PRODUCT_NAME = "$(TARGET_NAME)";
				SWIFT_VERSION = 4.2;
				TARGETED_DEVICE_FAMILY = "1,2";
			};
			name = Debug;
		};
		9B6E794C21AED20300A888BA /* Release */ = {
			isa = XCBuildConfiguration;
			buildSettings = {
				ASSETCATALOG_COMPILER_APPICON_NAME = AppIcon;
				CODE_SIGN_STYLE = Automatic;
				DEVELOPMENT_TEAM = K772APZXFW;
				INFOPLIST_FILE = Todoer/Info.plist;
				LD_RUNPATH_SEARCH_PATHS = (
					"$(inherited)",
					"@executable_path/Frameworks",
				);
				PRODUCT_BUNDLE_IDENTIFIER = com.georgeananda.Todoer;
				PRODUCT_NAME = "$(TARGET_NAME)";
				SWIFT_VERSION = 4.2;
				TARGETED_DEVICE_FAMILY = "1,2";
			};
			name = Release;
		};
/* End XCBuildConfiguration section */

/* Begin XCConfigurationList section */
		9B6E793021AED20100A888BA /* Build configuration list for PBXProject "Todoer" */ = {
			isa = XCConfigurationList;
			buildConfigurations = (
				9B6E794821AED20300A888BA /* Debug */,
				9B6E794921AED20300A888BA /* Release */,
			);
			defaultConfigurationIsVisible = 0;
			defaultConfigurationName = Release;
		};
		9B6E794A21AED20300A888BA /* Build configuration list for PBXNativeTarget "Todoer" */ = {
			isa = XCConfigurationList;
			buildConfigurations = (
				9B6E794B21AED20300A888BA /* Debug */,
				9B6E794C21AED20300A888BA /* Release */,
			);
			defaultConfigurationIsVisible = 0;
			defaultConfigurationName = Release;
		};
/* End XCConfigurationList section */

/* Begin XCVersionGroup section */
		9B6E793F21AED20100A888BA /* Todoer.xcdatamodeld */ = {
			isa = XCVersionGroup;
			children = (
				9B6E794021AED20100A888BA /* Todoer.xcdatamodel */,
			);
			currentVersion = 9B6E794021AED20100A888BA /* Todoer.xcdatamodel */;
			path = Todoer.xcdatamodeld;
			sourceTree = "<group>";
			versionGroupType = wrapper.xcdatamodel;
		};
/* End XCVersionGroup section */
	};
	rootObject = 9B6E792D21AED20100A888BA /* Project object */;
}
